
Microsoft Visual Studio Solution File, Format Version 12.00
# Visual Studio 15
VisualStudioVersion = 15.0.28307.136
MinimumVisualStudioVersion = 10.0.40219.1
Project("{FAE04EC0-301F-11D3-BF4B-00C04F79EFBC}") = "ProxyDemo", "ProxyDemo\ProxyDemo.csproj", "{321FA84B-5419-42CF-9594-CA096D573D58}"
EndProject
Global
	GlobalSection(SolutionConfigurationPlatforms) = preSolution
		Debug|Any CPU = Debug|Any CPU
		Release|Any CPU = Release|Any CPU
	EndGlobalSection
	GlobalSection(ProjectConfigurationPlatforms) = postSolution
		{321FA84B-5419-42CF-9594-CA096D573D58}.Debug|Any CPU.ActiveCfg = Debug|Any CPU
		{321FA84B-5419-42CF-9594-CA096D573D58}.Debug|Any CPU.Build.0 = Debug|Any CPU
		{321FA84B-5419-42CF-9594-CA096D573D58}.Release|Any CPU.ActiveCfg = Release|Any CPU
		{321FA84B-5419-42CF-9594-CA096D573D58}.Release|Any CPU.Build.0 = Release|Any CPU
	EndGlobalSection
	GlobalSection(SolutionProperties) = preSolution
		HideSolutionNode = FALSE
	EndGlobalSection
	GlobalSection(ExtensibilityGlobals) = postSolution
		SolutionGuid = {F091EA8E-A57D-4E70-BF7C-8B4CD62BA9B4}
	EndGlobalSection
EndGlobal
